
Microsoft Visual Studio Solution File, Format Version 12.00
# Visual Studio Version 17
VisualStudioVersion = 17.7.34018.315
MinimumVisualStudioVersion = 10.0.40219.1
Project("{FAE04EC0-301F-11D3-BF4B-00C04F79EFBC}") = "FuelApi", "FuelApi\FuelApi.csproj", "{E43CBEEB-10E3-408A-9160-69AA7AC396D3}"
EndProject
Global
	GlobalSection(SolutionConfigurationPlatforms) = preSolution
		Debug|Any CPU = Debug|Any CPU
		Release|Any CPU = Release|Any CPU
	EndGlobalSection
	GlobalSection(ProjectConfigurationPlatforms) = postSolution
		{E43CBEEB-10E3-408A-9160-69AA7AC396D3}.Debug|Any CPU.ActiveCfg = Debug|Any CPU
		{E43CBEEB-10E3-408A-9160-69AA7AC396D3}.Debug|Any CPU.Build.0 = Debug|Any CPU
		{E43CBEEB-10E3-408A-9160-69AA7AC396D3}.Release|Any CPU.ActiveCfg = Release|Any CPU
		{E43CBEEB-10E3-408A-9160-69AA7AC396D3}.Release|Any CPU.Build.0 = Release|Any CPU
	EndGlobalSection
	GlobalSection(SolutionProperties) = preSolution
		HideSolutionNode = FALSE
	EndGlobalSection
	GlobalSection(ExtensibilityGlobals) = postSolution
		SolutionGuid = {146E76AB-B038-4176-A45E-1AA2EA553218}
	EndGlobalSection
EndGlobal
